
Microsoft Visual Studio Solution File, Format Version 12.00
# Visual Studio Version 17
VisualStudioVersion = 17.5.33414.496
MinimumVisualStudioVersion = 10.0.40219.1
Project("{FAE04EC0-301F-11D3-BF4B-00C04F79EFBC}") = "Profit", "Profit\Profit.csproj", "{CF552AFD-8052-4716-8072-354E593D3B63}"
EndProject
Global
	GlobalSection(SolutionConfigurationPlatforms) = preSolution
		Debug|Any CPU = Debug|Any CPU
		Release|Any CPU = Release|Any CPU
	EndGlobalSection
	GlobalSection(ProjectConfigurationPlatforms) = postSolution
		{CF552AFD-8052-4716-8072-354E593D3B63}.Debug|Any CPU.ActiveCfg = Debug|Any CPU
		{CF552AFD-8052-4716-8072-354E593D3B63}.Debug|Any CPU.Build.0 = Debug|Any CPU
		{CF552AFD-8052-4716-8072-354E593D3B63}.Release|Any CPU.ActiveCfg = Release|Any CPU
		{CF552AFD-8052-4716-8072-354E593D3B63}.Release|Any CPU.Build.0 = Release|Any CPU
	EndGlobalSection
	GlobalSection(SolutionProperties) = preSolution
		HideSolutionNode = FALSE
	EndGlobalSection
	GlobalSection(ExtensibilityGlobals) = postSolution
		SolutionGuid = {962BA08D-DDF0-4CB0-A55E-9F35A7AA07C4}
	EndGlobalSection
EndGlobal
